
Microsoft Visual Studio Solution File, Format Version 12.00
# Visual Studio Version 17
VisualStudioVersion = 17.9.34728.123
MinimumVisualStudioVersion = 10.0.40219.1
Project("{FAE04EC0-301F-11D3-BF4B-00C04F79EFBC}") = "GridTest.Server", "GridTest.Server\GridTest.Server.csproj", "{588AD606-6A0A-4D2B-94DB-AF7B00377FF2}"
EndProject
Project("{54A90642-561A-4BB1-A94E-469ADEE60C69}") = "gridtest.client", "gridtest.client\gridtest.client.esproj", "{A70E8F8A-FDB9-43B3-900E-29DBF1A564C0}"
EndProject
Global
	GlobalSection(SolutionConfigurationPlatforms) = preSolution
		Debug|Any CPU = Debug|Any CPU
		Release|Any CPU = Release|Any CPU
	EndGlobalSection
	GlobalSection(ProjectConfigurationPlatforms) = postSolution
		{588AD606-6A0A-4D2B-94DB-AF7B00377FF2}.Debug|Any CPU.ActiveCfg = Debug|Any CPU
		{588AD606-6A0A-4D2B-94DB-AF7B00377FF2}.Debug|Any CPU.Build.0 = Debug|Any CPU
		{588AD606-6A0A-4D2B-94DB-AF7B00377FF2}.Release|Any CPU.ActiveCfg = Release|Any CPU
		{588AD606-6A0A-4D2B-94DB-AF7B00377FF2}.Release|Any CPU.Build.0 = Release|Any CPU
		{A70E8F8A-FDB9-43B3-900E-29DBF1A564C0}.Debug|Any CPU.ActiveCfg = Debug|Any CPU
		{A70E8F8A-FDB9-43B3-900E-29DBF1A564C0}.Debug|Any CPU.Build.0 = Debug|Any CPU
		{A70E8F8A-FDB9-43B3-900E-29DBF1A564C0}.Debug|Any CPU.Deploy.0 = Debug|Any CPU
		{A70E8F8A-FDB9-43B3-900E-29DBF1A564C0}.Release|Any CPU.ActiveCfg = Release|Any CPU
		{A70E8F8A-FDB9-43B3-900E-29DBF1A564C0}.Release|Any CPU.Build.0 = Release|Any CPU
		{A70E8F8A-FDB9-43B3-900E-29DBF1A564C0}.Release|Any CPU.Deploy.0 = Release|Any CPU
	EndGlobalSection
	GlobalSection(SolutionProperties) = preSolution
		HideSolutionNode = FALSE
	EndGlobalSection
	GlobalSection(ExtensibilityGlobals) = postSolution
		SolutionGuid = {0A661C7E-4F78-4CA0-AE4B-9C017C691ABE}
	EndGlobalSection
EndGlobal
